<?xml version="1.0" encoding="UTF-8" standalone="yes" ?>
<CodeBlocks_project_file>
	<FileVersion major="1" minor="6" />
	<Project>
		<Option title="Projeto-2-Prog-2-2025.2" />
		<Option pch_mode="2" />
		<Option compiler="gcc" />
		<Build>
			<Target title="Debug">
				<Option output="bin/Debug/Projeto-2-Prog-2-2025" prefix_auto="1" extension_auto="1" />
				<Option object_output="obj/Debug/" />
				<Option type="1" />
				<Option compiler="gcc" />
				<Compiler>
					<Add option="-g" />
				</Compiler>
			</Target>
			<Target title="Release">
				<Option output="bin/Release/Projeto-2-Prog-2-2025" prefix_auto="1" extension_auto="1" />
				<Option object_output="obj/Release/" />
				<Option type="1" />
				<Option compiler="gcc" />
				<Compiler>
					<Add option="-O2" />
				</Compiler>
				<Linker>
					<Add option="-s" />
				</Linker>
			</Target>
		</Build>
		<Compiler>
			<Add option="-Wall" />
			<Add option="-fexceptions" />
		</Compiler>
		<Unit filename="headers.h" />
		<Unit filename="main.cpp" />
		<Unit filename="mod_adminitrativo/entrada_admin.cpp" />
		<Unit filename="mod_adminitrativo/entrada_admin.h" />
		<Unit filename="mod_area_do_aluno/entrada_aluno.cpp" />
		<Unit filename="mod_area_do_aluno/entrada_aluno.h" />
		<Unit filename="mod_area_do_professor/entrada_professor.cpp" />
		<Unit filename="mod_area_do_professor/entrada_professor.h" />
		<Unit filename="mod_eventos/entrada_eventos.cpp" />
		<Unit filename="mod_eventos/entrada_eventos.h" />
		<Unit filename="mod_instrumentos/entrada_locador.cpp" />
		<Unit filename="mod_instrumentos/entrada_locador.h" />
		<Unit filename="mod_lanchonete/entrada_vendedor.cpp" />
		<Unit filename="mod_lanchonete/entrada_vendedor.h" />
		<Unit filename="mod_login_e_matricula/entrada_cadastro.cpp" />
		<Unit filename="mod_login_e_matricula/entrada_cadastro.h" />
		<Unit filename="mod_login_e_matricula/servico_login.cpp" />
		<Unit filename="mod_login_e_matricula/servico_login.h" />
		<Unit filename="utilidades.cpp" />
		<Unit filename="utilidades.h" />
		<Extensions />
	</Project>
</CodeBlocks_project_file>
